
Microsoft Visual Studio Solution File, Format Version 12.00
# Visual Studio Version 17
VisualStudioVersion = 17.2.32505.173
MinimumVisualStudioVersion = 10.0.40219.1
Project("{9A19103F-16F7-4668-BE54-9A1E7A4F7556}") = "WebAPI", "WebAPI.csproj", "{C4621D84-FD43-46D0-AD7A-48567EFB2FC4}"
EndProject
Global
	GlobalSection(SolutionConfigurationPlatforms) = preSolution
		Debug|Any CPU = Debug|Any CPU
		Release|Any CPU = Release|Any CPU
	EndGlobalSection
	GlobalSection(ProjectConfigurationPlatforms) = postSolution
		{C4621D84-FD43-46D0-AD7A-48567EFB2FC4}.Debug|Any CPU.ActiveCfg = Debug|Any CPU
		{C4621D84-FD43-46D0-AD7A-48567EFB2FC4}.Debug|Any CPU.Build.0 = Debug|Any CPU
		{C4621D84-FD43-46D0-AD7A-48567EFB2FC4}.Release|Any CPU.ActiveCfg = Release|Any CPU
		{C4621D84-FD43-46D0-AD7A-48567EFB2FC4}.Release|Any CPU.Build.0 = Release|Any CPU
	EndGlobalSection
	GlobalSection(SolutionProperties) = preSolution
		HideSolutionNode = FALSE
	EndGlobalSection
	GlobalSection(ExtensibilityGlobals) = postSolution
		SolutionGuid = {73BE2958-B53C-4319-A9F0-F05AF90C0C8F}
	EndGlobalSection
EndGlobal
